
Microsoft Visual Studio Solution File, Format Version 12.00
# Visual Studio 2013
VisualStudioVersion = 12.0.21005.1
MinimumVisualStudioVersion = 10.0.40219.1
Project("{FAE04EC0-301F-11D3-BF4B-00C04F79EFBC}") = "DunGen.Engine", "DunGen.Engine\DunGen.Engine.csproj", "{488E9141-477C-4432-A95F-CF58CDF0A666}"
EndProject
Project("{FAE04EC0-301F-11D3-BF4B-00C04F79EFBC}") = "DunGen.Tests", "DunGen.Tests\DunGen.Tests.csproj", "{202CDF85-BA0F-4CDA-9CE7-D3611FB6396F}"
EndProject
Project("{FAE04EC0-301F-11D3-BF4B-00C04F79EFBC}") = "DunGen.Visualizer", "DunGen.Visualizer\DunGen.Visualizer.csproj", "{68C7A45C-7F69-4810-B207-BCB074922082}"
EndProject
Global
	GlobalSection(SolutionConfigurationPlatforms) = preSolution
		Debug|Any CPU = Debug|Any CPU
		Release|Any CPU = Release|Any CPU
	EndGlobalSection
	GlobalSection(ProjectConfigurationPlatforms) = postSolution
		{488E9141-477C-4432-A95F-CF58CDF0A666}.Debug|Any CPU.ActiveCfg = Debug|Any CPU
		{488E9141-477C-4432-A95F-CF58CDF0A666}.Debug|Any CPU.Build.0 = Debug|Any CPU
		{488E9141-477C-4432-A95F-CF58CDF0A666}.Release|Any CPU.ActiveCfg = Release|Any CPU
		{488E9141-477C-4432-A95F-CF58CDF0A666}.Release|Any CPU.Build.0 = Release|Any CPU
		{202CDF85-BA0F-4CDA-9CE7-D3611FB6396F}.Debug|Any CPU.ActiveCfg = Debug|Any CPU
		{202CDF85-BA0F-4CDA-9CE7-D3611FB6396F}.Debug|Any CPU.Build.0 = Debug|Any CPU
		{202CDF85-BA0F-4CDA-9CE7-D3611FB6396F}.Release|Any CPU.ActiveCfg = Release|Any CPU
		{202CDF85-BA0F-4CDA-9CE7-D3611FB6396F}.Release|Any CPU.Build.0 = Release|Any CPU
		{68C7A45C-7F69-4810-B207-BCB074922082}.Debug|Any CPU.ActiveCfg = Debug|Any CPU
		{68C7A45C-7F69-4810-B207-BCB074922082}.Debug|Any CPU.Build.0 = Debug|Any CPU
		{68C7A45C-7F69-4810-B207-BCB074922082}.Release|Any CPU.ActiveCfg = Release|Any CPU
		{68C7A45C-7F69-4810-B207-BCB074922082}.Release|Any CPU.Build.0 = Release|Any CPU
	EndGlobalSection
	GlobalSection(SolutionProperties) = preSolution
		HideSolutionNode = FALSE
	EndGlobalSection
EndGlobal
